
Microsoft Visual Studio Solution File, Format Version 12.00
# Visual Studio Version 17
VisualStudioVersion = 17.14.36221.1 d17.14
MinimumVisualStudioVersion = 10.0.40219.1
Project("{FAE04EC0-301F-11D3-BF4B-00C04F79EFBC}") = "ReviewObjectOOP", "ReviewObjectOOP\ReviewObjectOOP.csproj", "{9FCF4E86-1A4E-43CA-9BE0-D26BD8D86274}"
EndProject
Global
	GlobalSection(SolutionConfigurationPlatforms) = preSolution
		Debug|Any CPU = Debug|Any CPU
		Release|Any CPU = Release|Any CPU
	EndGlobalSection
	GlobalSection(ProjectConfigurationPlatforms) = postSolution
		{9FCF4E86-1A4E-43CA-9BE0-D26BD8D86274}.Debug|Any CPU.ActiveCfg = Debug|Any CPU
		{9FCF4E86-1A4E-43CA-9BE0-D26BD8D86274}.Debug|Any CPU.Build.0 = Debug|Any CPU
		{9FCF4E86-1A4E-43CA-9BE0-D26BD8D86274}.Release|Any CPU.ActiveCfg = Release|Any CPU
		{9FCF4E86-1A4E-43CA-9BE0-D26BD8D86274}.Release|Any CPU.Build.0 = Release|Any CPU
	EndGlobalSection
	GlobalSection(SolutionProperties) = preSolution
		HideSolutionNode = FALSE
	EndGlobalSection
	GlobalSection(ExtensibilityGlobals) = postSolution
		SolutionGuid = {A73A08A4-BA11-4670-A340-7D495853A8B2}
	EndGlobalSection
EndGlobal
